
Microsoft Visual Studio Solution File, Format Version 12.00
# Visual Studio Version 17
VisualStudioVersion = 17.11.35208.52
MinimumVisualStudioVersion = 10.0.40219.1
Project("{FAE04EC0-301F-11D3-BF4B-00C04F79EFBC}") = "BrightisCompressor", "BrightisCompressor.csproj", "{71991B4B-B929-4FE6-8E14-46E9FA635599}"
EndProject
Project("{FAE04EC0-301F-11D3-BF4B-00C04F79EFBC}") = "Testing", "..\Testing\Testing.csproj", "{080D1096-6DB4-41CF-AE80-3D211E62907B}"
EndProject
Global
	GlobalSection(SolutionConfigurationPlatforms) = preSolution
		Debug|Any CPU = Debug|Any CPU
		Release|Any CPU = Release|Any CPU
	EndGlobalSection
	GlobalSection(ProjectConfigurationPlatforms) = postSolution
		{71991B4B-B929-4FE6-8E14-46E9FA635599}.Debug|Any CPU.ActiveCfg = Debug|Any CPU
		{71991B4B-B929-4FE6-8E14-46E9FA635599}.Debug|Any CPU.Build.0 = Debug|Any CPU
		{71991B4B-B929-4FE6-8E14-46E9FA635599}.Release|Any CPU.ActiveCfg = Release|Any CPU
		{71991B4B-B929-4FE6-8E14-46E9FA635599}.Release|Any CPU.Build.0 = Release|Any CPU
		{080D1096-6DB4-41CF-AE80-3D211E62907B}.Debug|Any CPU.ActiveCfg = Debug|Any CPU
		{080D1096-6DB4-41CF-AE80-3D211E62907B}.Debug|Any CPU.Build.0 = Debug|Any CPU
		{080D1096-6DB4-41CF-AE80-3D211E62907B}.Release|Any CPU.ActiveCfg = Release|Any CPU
		{080D1096-6DB4-41CF-AE80-3D211E62907B}.Release|Any CPU.Build.0 = Release|Any CPU
	EndGlobalSection
	GlobalSection(SolutionProperties) = preSolution
		HideSolutionNode = FALSE
	EndGlobalSection
	GlobalSection(ExtensibilityGlobals) = postSolution
		SolutionGuid = {8BC6DE80-5C01-4F02-BCCB-35A7F6F646EB}
	EndGlobalSection
EndGlobal
